
Microsoft Visual Studio Solution File, Format Version 12.00
# Visual Studio 2013
VisualStudioVersion = 12.0.40629.0
MinimumVisualStudioVersion = 10.0.40219.1
Project("{FAE04EC0-301F-11D3-BF4B-00C04F79EFBC}") = "SqlMigrate", "SqlMigrate\SqlMigrate.csproj", "{3DBCBF15-46AC-4DD7-92FD-BF09230A0997}"
EndProject
Project("{2150E333-8FDC-42A3-9474-1A3956D46DE8}") = "Solution Items", "Solution Items", "{88A9132F-7098-4A1C-9B54-9F0137D40344}"
	ProjectSection(SolutionItems) = preProject
		LICENSE.txt = LICENSE.txt
		README.txt = README.txt
	EndProjectSection
EndProject
Global
	GlobalSection(SolutionConfigurationPlatforms) = preSolution
		Debug|Any CPU = Debug|Any CPU
		Release|Any CPU = Release|Any CPU
	EndGlobalSection
	GlobalSection(ProjectConfigurationPlatforms) = postSolution
		{3DBCBF15-46AC-4DD7-92FD-BF09230A0997}.Debug|Any CPU.ActiveCfg = Debug|Any CPU
		{3DBCBF15-46AC-4DD7-92FD-BF09230A0997}.Debug|Any CPU.Build.0 = Debug|Any CPU
		{3DBCBF15-46AC-4DD7-92FD-BF09230A0997}.Release|Any CPU.ActiveCfg = Release|Any CPU
		{3DBCBF15-46AC-4DD7-92FD-BF09230A0997}.Release|Any CPU.Build.0 = Release|Any CPU
	EndGlobalSection
	GlobalSection(SolutionProperties) = preSolution
		HideSolutionNode = FALSE
	EndGlobalSection
EndGlobal
